
Microsoft Visual Studio Solution File, Format Version 12.00
# Visual Studio 2012
Project("{FAE04EC0-301F-11D3-BF4B-00C04F79EFBC}") = "CodeCleaner", "CodeMaid\CodeCleaner.csproj", "{B2774245-0F2D-4B82-9B54-CEDA9099883D}"
EndProject
Project("{FAE04EC0-301F-11D3-BF4B-00C04F79EFBC}") = "CodeCleaner.Tests", "CodeMaid.Tests\CodeCleaner.Tests.csproj", "{B8B74EF5-1BBF-4425-BE8E-75FFDC5780B6}"
EndProject
Project("{FAE04EC0-301F-11D3-BF4B-00C04F79EFBC}") = "CodeCleaner.Common", "CodeMaid.Common\CodeCleaner.Common.csproj", "{ECF39A10-2E5C-4DA0-A187-3E6D8B13CCCE}"
EndProject
Global
	GlobalSection(SolutionConfigurationPlatforms) = preSolution
		Debug|Any CPU = Debug|Any CPU
		Release|Any CPU = Release|Any CPU
	EndGlobalSection
	GlobalSection(ProjectConfigurationPlatforms) = postSolution
		{B2774245-0F2D-4B82-9B54-CEDA9099883D}.Debug|Any CPU.ActiveCfg = Debug|Any CPU
		{B2774245-0F2D-4B82-9B54-CEDA9099883D}.Debug|Any CPU.Build.0 = Debug|Any CPU
		{B2774245-0F2D-4B82-9B54-CEDA9099883D}.Release|Any CPU.ActiveCfg = Release|Any CPU
		{B2774245-0F2D-4B82-9B54-CEDA9099883D}.Release|Any CPU.Build.0 = Release|Any CPU
		{B8B74EF5-1BBF-4425-BE8E-75FFDC5780B6}.Debug|Any CPU.ActiveCfg = Debug|Any CPU
		{B8B74EF5-1BBF-4425-BE8E-75FFDC5780B6}.Debug|Any CPU.Build.0 = Debug|Any CPU
		{B8B74EF5-1BBF-4425-BE8E-75FFDC5780B6}.Release|Any CPU.ActiveCfg = Release|Any CPU
		{B8B74EF5-1BBF-4425-BE8E-75FFDC5780B6}.Release|Any CPU.Build.0 = Release|Any CPU
		{ECF39A10-2E5C-4DA0-A187-3E6D8B13CCCE}.Debug|Any CPU.ActiveCfg = Debug|Any CPU
		{ECF39A10-2E5C-4DA0-A187-3E6D8B13CCCE}.Debug|Any CPU.Build.0 = Debug|Any CPU
		{ECF39A10-2E5C-4DA0-A187-3E6D8B13CCCE}.Release|Any CPU.ActiveCfg = Release|Any CPU
		{ECF39A10-2E5C-4DA0-A187-3E6D8B13CCCE}.Release|Any CPU.Build.0 = Release|Any CPU
	EndGlobalSection
EndGlobal
